
Microsoft Visual Studio Solution File, Format Version 12.00
Project("{FAE04EC0-301F-11D3-BF4B-00C04F79EFBC}") = "CounterJO", "CounterJO.csproj", "{721D5202-48BD-4708-89E8-4BBB6858F63D}"
EndProject
Global
	GlobalSection(SolutionConfigurationPlatforms) = preSolution
		Debug|Any CPU = Debug|Any CPU
		Release|Any CPU = Release|Any CPU
	EndGlobalSection
	GlobalSection(ProjectConfigurationPlatforms) = postSolution
		{721D5202-48BD-4708-89E8-4BBB6858F63D}.Debug|Any CPU.ActiveCfg = Debug|Any CPU
		{721D5202-48BD-4708-89E8-4BBB6858F63D}.Debug|Any CPU.Build.0 = Debug|Any CPU
		{721D5202-48BD-4708-89E8-4BBB6858F63D}.Release|Any CPU.ActiveCfg = Release|Any CPU
		{721D5202-48BD-4708-89E8-4BBB6858F63D}.Release|Any CPU.Build.0 = Release|Any CPU
	EndGlobalSection
EndGlobal
